// !$*UTF8*$!
{
	archiveVersion = 1;
	classes = {
	};
	objectVersion = 50;
	objects = {

/* Begin PBXBuildFile section */
		B5307592216356EC009B0AA0 /* AppDelegate.swift in Sources */ = {isa = PBXBuildFile; fileRef = B5307591216356EC009B0AA0 /* AppDelegate.swift */; };
		B5307594216356EC009B0AA0 /* ViewController.swift in Sources */ = {isa = PBXBuildFile; fileRef = B5307593216356EC009B0AA0 /* ViewController.swift */; };
		B5307597216356EC009B0AA0 /* Main.storyboard in Resources */ = {isa = PBXBuildFile; fileRef = B5307595216356EC009B0AA0 /* Main.storyboard */; };
		B5307599216356EE009B0AA0 /* Assets.xcassets in Resources */ = {isa = PBXBuildFile; fileRef = B5307598216356EE009B0AA0 /* Assets.xcassets */; };
		B530759C216356EE009B0AA0 /* LaunchScreen.storyboard in Resources */ = {isa = PBXBuildFile; fileRef = B530759A216356EE009B0AA0 /* LaunchScreen.storyboard */; };
		B53075A7216356EE009B0AA0 /* LearnStackViewUITests.swift in Sources */ = {isa = PBXBuildFile; fileRef = B53075A6216356EE009B0AA0 /* LearnStackViewUITests.swift */; };
/* End PBXBuildFile section */

/* Begin PBXContainerItemProxy section */
		B53075A3216356EE009B0AA0 /* PBXContainerItemProxy */ = {
			isa = PBXContainerItemProxy;
			containerPortal = B5307586216356EC009B0AA0 /* Project object */;
			proxyType = 1;
			remoteGlobalIDString = B530758D216356EC009B0AA0;
			remoteInfo = LearnStackView;
		};
/* End PBXContainerItemProxy section */

/* Begin PBXFileReference section */
		B530758E216356EC009B0AA0 /* LearnStackView.app */ = {isa = PBXFileReference; explicitFileType = wrapper.application; includeInIndex = 0; path = LearnStackView.app; sourceTree = BUILT_PRODUCTS_DIR; };
		B5307591216356EC009B0AA0 /* AppDelegate.swift */ = {isa = PBXFileReference; lastKnownFileType = sourcecode.swift; path = AppDelegate.swift; sourceTree = "<group>"; };
		B5307593216356EC009B0AA0 /* ViewController.swift */ = {isa = PBXFileReference; lastKnownFileType = sourcecode.swift; path = ViewController.swift; sourceTree = "<group>"; };
		B5307596216356EC009B0AA0 /* Base */ = {isa = PBXFileReference; lastKnownFileType = file.storyboard; name = Base; path = Base.lproj/Main.storyboard; sourceTree = "<group>"; };
		B5307598216356EE009B0AA0 /* Assets.xcassets */ = {isa = PBXFileReference; lastKnownFileType = folder.assetcatalog; path = Assets.xcassets; sourceTree = "<group>"; };
		B530759B216356EE009B0AA0 /* Base */ = {isa = PBXFileReference; lastKnownFileType = file.storyboard; name = Base; path = Base.lproj/LaunchScreen.storyboard; sourceTree = "<group>"; };
		B530759D216356EE009B0AA0 /* Info.plist */ = {isa = PBXFileReference; lastKnownFileType = text.plist.xml; path = Info.plist; sourceTree = "<group>"; };
		B53075A2216356EE009B0AA0 /* LearnStackViewUITests.xctest */ = {isa = PBXFileReference; explicitFileType = wrapper.cfbundle; includeInIndex = 0; path = LearnStackViewUITests.xctest; sourceTree = BUILT_PRODUCTS_DIR; };
		B53075A6216356EE009B0AA0 /* LearnStackViewUITests.swift */ = {isa = PBXFileReference; lastKnownFileType = sourcecode.swift; path = LearnStackViewUITests.swift; sourceTree = "<group>"; };
		B53075A8216356EE009B0AA0 /* Info.plist */ = {isa = PBXFileReference; lastKnownFileType = text.plist.xml; path = Info.plist; sourceTree = "<group>"; };
/* End PBXFileReference section */

/* Begin PBXFrameworksBuildPhase section */
		B530758B216356EC009B0AA0 /* Frameworks */ = {
			isa = PBXFrameworksBuildPhase;
			buildActionMask = 2147483647;
			files = (
			);
			runOnlyForDeploymentPostprocessing = 0;
		};
		B530759F216356EE009B0AA0 /* Frameworks */ = {
			isa = PBXFrameworksBuildPhase;
			buildActionMask = 2147483647;
			files = (
			);
			runOnlyForDeploymentPostprocessing = 0;
		};
/* End PBXFrameworksBuildPhase section */

/* Begin PBXGroup section */
		B5307585216356EC009B0AA0 = {
			isa = PBXGroup;
			children = (
				B5307590216356EC009B0AA0 /* LearnStackView */,
				B53075A5216356EE009B0AA0 /* LearnStackViewUITests */,
				B530758F216356EC009B0AA0 /* Products */,
			);
			sourceTree = "<group>";
		};
		B530758F216356EC009B0AA0 /* Products */ = {
			isa = PBXGroup;
			children = (
				B530758E216356EC009B0AA0 /* LearnStackView.app */,
				B53075A2216356EE009B0AA0 /* LearnStackViewUITests.xctest */,
			);
			name = Products;
			sourceTree = "<group>";
		};
		B5307590216356EC009B0AA0 /* LearnStackView */ = {
			isa = PBXGroup;
			children = (
				B5307591216356EC009B0AA0 /* AppDelegate.swift */,
				B5307593216356EC009B0AA0 /* ViewController.swift */,
				B5307595216356EC009B0AA0 /* Main.storyboard */,
				B5307598216356EE009B0AA0 /* Assets.xcassets */,
				B530759A216356EE009B0AA0 /* LaunchScreen.storyboard */,
				B530759D216356EE009B0AA0 /* Info.plist */,
			);
			path = LearnStackView;
			sourceTree = "<group>";
		};
		B53075A5216356EE009B0AA0 /* LearnStackViewUITests */ = {
			isa = PBXGroup;
			children = (
				B53075A6216356EE009B0AA0 /* LearnStackViewUITests.swift */,
				B53075A8216356EE009B0AA0 /* Info.plist */,
			);
			path = LearnStackViewUITests;
			sourceTree = "<group>";
		};
/* End PBXGroup section */

/* Begin PBXNativeTarget section */
		B530758D216356EC009B0AA0 /* LearnStackView */ = {
			isa = PBXNativeTarget;
			buildConfigurationList = B53075AB216356EE009B0AA0 /* Build configuration list for PBXNativeTarget "LearnStackView" */;
			buildPhases = (
				B530758A216356EC009B0AA0 /* Sources */,
				B530758B216356EC009B0AA0 /* Frameworks */,
				B530758C216356EC009B0AA0 /* Resources */,
			);
			buildRules = (
			);
			dependencies = (
			);
			name = LearnStackView;
			productName = LearnStackView;
			productReference = B530758E216356EC009B0AA0 /* LearnStackView.app */;
			productType = "com.apple.product-type.application";
		};
		B53075A1216356EE009B0AA0 /* LearnStackViewUITests */ = {
			isa = PBXNativeTarget;
			buildConfigurationList = B53075AE216356EE009B0AA0 /* Build configuration list for PBXNativeTarget "LearnStackViewUITests" */;
			buildPhases = (
				B530759E216356EE009B0AA0 /* Sources */,
				B530759F216356EE009B0AA0 /* Frameworks */,
				B53075A0216356EE009B0AA0 /* Resources */,
			);
			buildRules = (
			);
			dependencies = (
				B53075A4216356EE009B0AA0 /* PBXTargetDependency */,
			);
			name = LearnStackViewUITests;
			productName = LearnStackViewUITests;
			productReference = B53075A2216356EE009B0AA0 /* LearnStackViewUITests.xctest */;
			productType = "com.apple.product-type.bundle.ui-testing";
		};
/* End PBXNativeTarget section */

/* Begin PBXProject section */
		B5307586216356EC009B0AA0 /* Project object */ = {
			isa = PBXProject;
			attributes = {
				LastSwiftUpdateCheck = 0940;
				LastUpgradeCheck = 0940;
				ORGANIZATIONNAME = "Hay Tran Van";
				TargetAttributes = {
					B530758D216356EC009B0AA0 = {
						CreatedOnToolsVersion = 9.4;
					};
					B53075A1216356EE009B0AA0 = {
						CreatedOnToolsVersion = 9.4;
						TestTargetID = B530758D216356EC009B0AA0;
					};
				};
			};
			buildConfigurationList = B5307589216356EC009B0AA0 /* Build configuration list for PBXProject "LearnStackView" */;
			compatibilityVersion = "Xcode 9.3";
			developmentRegion = en;
			hasScannedForEncodings = 0;
			knownRegions = (
				en,
				Base,
			);
			mainGroup = B5307585216356EC009B0AA0;
			productRefGroup = B530758F216356EC009B0AA0 /* Products */;
			projectDirPath = "";
			projectRoot = "";
			targets = (
				B530758D216356EC009B0AA0 /* LearnStackView */,
				B53075A1216356EE009B0AA0 /* LearnStackViewUITests */,
			);
		};
/* End PBXProject section */

/* Begin PBXResourcesBuildPhase section */
		B530758C216356EC009B0AA0 /* Resources */ = {
			isa = PBXResourcesBuildPhase;
			buildActionMask = 2147483647;
			files = (
				B530759C216356EE009B0AA0 /* LaunchScreen.storyboard in Resources */,
				B5307599216356EE009B0AA0 /* Assets.xcassets in Resources */,
				B5307597216356EC009B0AA0 /* Main.storyboard in Resources */,
			);
			runOnlyForDeploymentPostprocessing = 0;
		};
		B53075A0216356EE009B0AA0 /* Resources */ = {
			isa = PBXResourcesBuildPhase;
			buildActionMask = 2147483647;
			files = (
			);
			runOnlyForDeploymentPostprocessing = 0;
		};
/* End PBXResourcesBuildPhase section */

/* Begin PBXSourcesBuildPhase section */
		B530758A216356EC009B0AA0 /* Sources */ = {
			isa = PBXSourcesBuildPhase;
			buildActionMask = 2147483647;
			files = (
				B5307594216356EC009B0AA0 /* ViewController.swift in Sources */,
				B5307592216356EC009B0AA0 /* AppDelegate.swift in Sources */,
			);
			runOnlyForDeploymentPostprocessing = 0;
		};
		B530759E216356EE009B0AA0 /* Sources */ = {
			isa = PBXSourcesBuildPhase;
			buildActionMask = 2147483647;
			files = (
				B53075A7216356EE009B0AA0 /* LearnStackViewUITests.swift in Sources */,
			);
			runOnlyForDeploymentPostprocessing = 0;
		};
/* End PBXSourcesBuildPhase section */

/* Begin PBXTargetDependency section */
		B53075A4216356EE009B0AA0 /* PBXTargetDependency */ = {
			isa = PBXTargetDependency;
			target = B530758D216356EC009B0AA0 /* LearnStackView */;
			targetProxy = B53075A3216356EE009B0AA0 /* PBXContainerItemProxy */;
		};
/* End PBXTargetDependency section */

/* Begin PBXVariantGroup section */
		B5307595216356EC009B0AA0 /* Main.storyboard */ = {
			isa = PBXVariantGroup;
			children = (
				B5307596216356EC009B0AA0 /* Base */,
			);
			name = Main.storyboard;
			sourceTree = "<group>";
		};
		B530759A216356EE009B0AA0 /* LaunchScreen.storyboard */ = {
			isa = PBXVariantGroup;
			children = (
				B530759B216356EE009B0AA0 /* Base */,
			);
			name = LaunchScreen.storyboard;
			sourceTree = "<group>";
		};
/* End PBXVariantGroup section */

/* Begin XCBuildConfiguration section */
		B53075A9216356EE009B0AA0 /* Debug */ = {
			isa = XCBuildConfiguration;
			buildSettings = {
				ALWAYS_SEARCH_USER_PATHS = NO;
				CLANG_ANALYZER_NONNULL = YES;
				CLANG_ANALYZER_NUMBER_OBJECT_CONVERSION = YES_AGGRESSIVE;
				CLANG_CXX_LANGUAGE_STANDARD = "gnu++14";
				CLANG_CXX_LIBRARY = "libc++";
				CLANG_ENABLE_MODULES = YES;
				CLANG_ENABLE_OBJC_ARC = YES;
				CLANG_ENABLE_OBJC_WEAK = YES;
				CLANG_WARN_BLOCK_CAPTURE_AUTORELEASING = YES;
				CLANG_WARN_BOOL_CONVERSION = YES;
				CLANG_WARN_COMMA = YES;
				CLANG_WARN_CONSTANT_CONVERSION = YES;
				CLANG_WARN_DEPRECATED_OBJC_IMPLEMENTATIONS = YES;
				CLANG_WARN_DIRECT_OBJC_ISA_USAGE = YES_ERROR;
				CLANG_WARN_DOCUMENTATION_COMMENTS = YES;
				CLANG_WARN_EMPTY_BODY = YES;
				CLANG_WARN_ENUM_CONVERSION = YES;
				CLANG_WARN_INFINITE_RECURSION = YES;
				CLANG_WARN_INT_CONVERSION = YES;
				CLANG_WARN_NON_LITERAL_NULL_CONVERSION = YES;
				CLANG_WARN_OBJC_IMPLICIT_RETAIN_SELF = YES;
				CLANG_WARN_OBJC_LITERAL_CONVERSION = YES;
				CLANG_WARN_OBJC_ROOT_CLASS = YES_ERROR;
				CLANG_WARN_RANGE_LOOP_ANALYSIS = YES;
				CLANG_WARN_STRICT_PROTOTYPES = YES;
				CLANG_WARN_SUSPICIOUS_MOVE = YES;
				CLANG_WARN_UNGUARDED_AVAILABILITY = YES_AGGRESSIVE;
				CLANG_WARN_UNREACHABLE_CODE = YES;
				CLANG_WARN__DUPLICATE_METHOD_MATCH = YES;
				CODE_SIGN_IDENTITY = "iPhone Developer";
				COPY_PHASE_STRIP = NO;
				DEBUG_INFORMATION_FORMAT = dwarf;
				ENABLE_STRICT_OBJC_MSGSEND = YES;
				ENABLE_TESTABILITY = YES;
				GCC_C_LANGUAGE_STANDARD = gnu11;
				GCC_DYNAMIC_NO_PIC = NO;
				GCC_NO_COMMON_BLOCKS = YES;
				GCC_OPTIMIZATION_LEVEL = 0;
				GCC_PREPROCESSOR_DEFINITIONS = (
					"DEBUG=1",
					"$(inherited)",
				);
				GCC_WARN_64_TO_32_BIT_CONVERSION = YES;
				GCC_WARN_ABOUT_RETURN_TYPE = YES_ERROR;
				GCC_WARN_UNDECLARED_SELECTOR = YES;
				GCC_WARN_UNINITIALIZED_AUTOS = YES_AGGRESSIVE;
				GCC_WARN_UNUSED_FUNCTION = YES;
				GCC_WARN_UNUSED_VARIABLE = YES;
				IPHONEOS_DEPLOYMENT_TARGET = 11.4;
				MTL_ENABLE_DEBUG_INFO = YES;
				ONLY_ACTIVE_ARCH = YES;
				SDKROOT = iphoneos;
				SWIFT_ACTIVE_COMPILATION_CONDITIONS = DEBUG;
				SWIFT_OPTIMIZATION_LEVEL = "-Onone";
			};
			name = Debug;
		};
		B53075AA216356EE009B0AA0 /* Release */ = {
			isa = XCBuildConfiguration;
			buildSettings = {
				ALWAYS_SEARCH_USER_PATHS = NO;
				CLANG_ANALYZER_NONNULL = YES;
				CLANG_ANALYZER_NUMBER_OBJECT_CONVERSION = YES_AGGRESSIVE;
				CLANG_CXX_LANGUAGE_STANDARD = "gnu++14";
				CLANG_CXX_LIBRARY = "libc++";
				CLANG_ENABLE_MODULES = YES;
				CLANG_ENABLE_OBJC_ARC = YES;
				CLANG_ENABLE_OBJC_WEAK = YES;
				CLANG_WARN_BLOCK_CAPTURE_AUTORELEASING = YES;
				CLANG_WARN_BOOL_CONVERSION = YES;
				CLANG_WARN_COMMA = YES;
				CLANG_WARN_CONSTANT_CONVERSION = YES;
				CLANG_WARN_DEPRECATED_OBJC_IMPLEMENTATIONS = YES;
				CLANG_WARN_DIRECT_OBJC_ISA_USAGE = YES_ERROR;
				CLANG_WARN_DOCUMENTATION_COMMENTS = YES;
				CLANG_WARN_EMPTY_BODY = YES;
				CLANG_WARN_ENUM_CONVERSION = YES;
				CLANG_WARN_INFINITE_RECURSION = YES;
				CLANG_WARN_INT_CONVERSION = YES;
				CLANG_WARN_NON_LITERAL_NULL_CONVERSION = YES;
				CLANG_WARN_OBJC_IMPLICIT_RETAIN_SELF = YES;
				CLANG_WARN_OBJC_LITERAL_CONVERSION = YES;
				CLANG_WARN_OBJC_ROOT_CLASS = YES_ERROR;
				CLANG_WARN_RANGE_LOOP_ANALYSIS = YES;
				CLANG_WARN_STRICT_PROTOTYPES = YES;
				CLANG_WARN_SUSPICIOUS_MOVE = YES;
				CLANG_WARN_UNGUARDED_AVAILABILITY = YES_AGGRESSIVE;
				CLANG_WARN_UNREACHABLE_CODE = YES;
				CLANG_WARN__DUPLICATE_METHOD_MATCH = YES;
				CODE_SIGN_IDENTITY = "iPhone Developer";
				COPY_PHASE_STRIP = NO;
				DEBUG_INFORMATION_FORMAT = "dwarf-with-dsym";
				ENABLE_NS_ASSERTIONS = NO;
				ENABLE_STRICT_OBJC_MSGSEND = YES;
				GCC_C_LANGUAGE_STANDARD = gnu11;
				GCC_NO_COMMON_BLOCKS = YES;
				GCC_WARN_64_TO_32_BIT_CONVERSION = YES;
				GCC_WARN_ABOUT_RETURN_TYPE = YES_ERROR;
				GCC_WARN_UNDECLARED_SELECTOR = YES;
				GCC_WARN_UNINITIALIZED_AUTOS = YES_AGGRESSIVE;
				GCC_WARN_UNUSED_FUNCTION = YES;
				GCC_WARN_UNUSED_VARIABLE = YES;
				IPHONEOS_DEPLOYMENT_TARGET = 11.4;
				MTL_ENABLE_DEBUG_INFO = NO;
				SDKROOT = iphoneos;
				SWIFT_COMPILATION_MODE = wholemodule;
				SWIFT_OPTIMIZATION_LEVEL = "-O";
				VALIDATE_PRODUCT = YES;
			};
			name = Release;
		};
		B53075AC216356EE009B0AA0 /* Debug */ = {
			isa = XCBuildConfiguration;
			buildSettings = {
				ASSETCATALOG_COMPILER_APPICON_NAME = AppIcon;
				CODE_SIGN_STYLE = Automatic;
				DEVELOPMENT_TEAM = J9BDLQP95V;
				INFOPLIST_FILE = LearnStackView/Info.plist;
				LD_RUNPATH_SEARCH_PATHS = (
					"$(inherited)",
					"@executable_path/Frameworks",
				);
				PRODUCT_BUNDLE_IDENTIFIER = fiot.LearnStackView;
				PRODUCT_NAME = "$(TARGET_NAME)";
				SWIFT_VERSION = 4.0;
				TARGETED_DEVICE_FAMILY = "1,2";
			};
			name = Debug;
		};
		B53075AD216356EE009B0AA0 /* Release */ = {
			isa = XCBuildConfiguration;
			buildSettings = {
				ASSETCATALOG_COMPILER_APPICON_NAME = AppIcon;
				CODE_SIGN_STYLE = Automatic;
				DEVELOPMENT_TEAM = J9BDLQP95V;
				INFOPLIST_FILE = LearnStackView/Info.plist;
				LD_RUNPATH_SEARCH_PATHS = (
					"$(inherited)",
					"@executable_path/Frameworks",
				);
				PRODUCT_BUNDLE_IDENTIFIER = fiot.LearnStackView;
				PRODUCT_NAME = "$(TARGET_NAME)";
				SWIFT_VERSION = 4.0;
				TARGETED_DEVICE_FAMILY = "1,2";
			};
			name = Release;
		};
		B53075AF216356EE009B0AA0 /* Debug */ = {
			isa = XCBuildConfiguration;
			buildSettings = {
				ALWAYS_EMBED_SWIFT_STANDARD_LIBRARIES = YES;
				CODE_SIGN_STYLE = Automatic;
				DEVELOPMENT_TEAM = J9BDLQP95V;
				INFOPLIST_FILE = LearnStackViewUITests/Info.plist;
				LD_RUNPATH_SEARCH_PATHS = (
					"$(inherited)",
					"@executable_path/Frameworks",
					"@loader_path/Frameworks",
				);
				PRODUCT_BUNDLE_IDENTIFIER = fiot.LearnStackViewUITests;
				PRODUCT_NAME = "$(TARGET_NAME)";
				SWIFT_VERSION = 4.0;
				TARGETED_DEVICE_FAMILY = "1,2";
				TEST_TARGET_NAME = LearnStackView;
			};
			name = Debug;
		};
		B53075B0216356EE009B0AA0 /* Release */ = {
			isa = XCBuildConfiguration;
			buildSettings = {
				ALWAYS_EMBED_SWIFT_STANDARD_LIBRARIES = YES;
				CODE_SIGN_STYLE = Automatic;
				DEVELOPMENT_TEAM = J9BDLQP95V;
				INFOPLIST_FILE = LearnStackViewUITests/Info.plist;
				LD_RUNPATH_SEARCH_PATHS = (
					"$(inherited)",
					"@executable_path/Frameworks",
					"@loader_path/Frameworks",
				);
				PRODUCT_BUNDLE_IDENTIFIER = fiot.LearnStackViewUITests;
				PRODUCT_NAME = "$(TARGET_NAME)";
				SWIFT_VERSION = 4.0;
				TARGETED_DEVICE_FAMILY = "1,2";
				TEST_TARGET_NAME = LearnStackView;
			};
			name = Release;
		};
/* End XCBuildConfiguration section */

/* Begin XCConfigurationList section */
		B5307589216356EC009B0AA0 /* Build configuration list for PBXProject "LearnStackView" */ = {
			isa = XCConfigurationList;
			buildConfigurations = (
				B53075A9216356EE009B0AA0 /* Debug */,
				B53075AA216356EE009B0AA0 /* Release */,
			);
			defaultConfigurationIsVisible = 0;
			defaultConfigurationName = Release;
		};
		B53075AB216356EE009B0AA0 /* Build configuration list for PBXNativeTarget "LearnStackView" */ = {
			isa = XCConfigurationList;
			buildConfigurations = (
				B53075AC216356EE009B0AA0 /* Debug */,
				B53075AD216356EE009B0AA0 /* Release */,
			);
			defaultConfigurationIsVisible = 0;
			defaultConfigurationName = Release;
		};
		B53075AE216356EE009B0AA0 /* Build configuration list for PBXNativeTarget "LearnStackViewUITests" */ = {
			isa = XCConfigurationList;
			buildConfigurations = (
				B53075AF216356EE009B0AA0 /* Debug */,
				B53075B0216356EE009B0AA0 /* Release */,
			);
			defaultConfigurationIsVisible = 0;
			defaultConfigurationName = Release;
		};
/* End XCConfigurationList section */
	};
	rootObject = B5307586216356EC009B0AA0 /* Project object */;
}
